
Microsoft Visual Studio Solution File, Format Version 12.00
# Visual Studio 14
VisualStudioVersion = 14.0.25420.1
MinimumVisualStudioVersion = 10.0.40219.1
Project("{FAE04EC0-301F-11D3-BF4B-00C04F79EFBC}") = "ShapeFilesParser.Business", "ShapeFilesParser.Business\ShapeFilesParser.Business.csproj", "{B01EB8E5-9C4B-4886-B8C5-17FB33B570AB}"
EndProject
Project("{FAE04EC0-301F-11D3-BF4B-00C04F79EFBC}") = "ShapeFilesParser.ConsoleTest", "ShapeFilesParser.ConsoleTest\ShapeFilesParser.ConsoleTest.csproj", "{78869D54-4388-4DC7-AAD7-CA79708A6D9A}"
EndProject
Project("{FAE04EC0-301F-11D3-BF4B-00C04F79EFBC}") = "ShapeFilesParser.Tests", "ShapeFilesParser.Tests\ShapeFilesParser.Tests.csproj", "{8CDF1FF4-6DDF-49C0-9864-16979E4BECB7}"
EndProject
Project("{FAE04EC0-301F-11D3-BF4B-00C04F79EFBC}") = "ShapeFilesParser.Linq", "ShapeFilesParser.Linq\ShapeFilesParser.Linq.csproj", "{D2EBD725-3542-4F4A-A362-F9378B0ECDDF}"
EndProject
Global
	GlobalSection(SolutionConfigurationPlatforms) = preSolution
		Debug|Any CPU = Debug|Any CPU
		Release|Any CPU = Release|Any CPU
	EndGlobalSection
	GlobalSection(ProjectConfigurationPlatforms) = postSolution
		{B01EB8E5-9C4B-4886-B8C5-17FB33B570AB}.Debug|Any CPU.ActiveCfg = Debug|Any CPU
		{B01EB8E5-9C4B-4886-B8C5-17FB33B570AB}.Debug|Any CPU.Build.0 = Debug|Any CPU
		{B01EB8E5-9C4B-4886-B8C5-17FB33B570AB}.Release|Any CPU.ActiveCfg = Release|Any CPU
		{B01EB8E5-9C4B-4886-B8C5-17FB33B570AB}.Release|Any CPU.Build.0 = Release|Any CPU
		{78869D54-4388-4DC7-AAD7-CA79708A6D9A}.Debug|Any CPU.ActiveCfg = Debug|Any CPU
		{78869D54-4388-4DC7-AAD7-CA79708A6D9A}.Debug|Any CPU.Build.0 = Debug|Any CPU
		{78869D54-4388-4DC7-AAD7-CA79708A6D9A}.Release|Any CPU.ActiveCfg = Release|Any CPU
		{78869D54-4388-4DC7-AAD7-CA79708A6D9A}.Release|Any CPU.Build.0 = Release|Any CPU
		{8CDF1FF4-6DDF-49C0-9864-16979E4BECB7}.Debug|Any CPU.ActiveCfg = Debug|Any CPU
		{8CDF1FF4-6DDF-49C0-9864-16979E4BECB7}.Debug|Any CPU.Build.0 = Debug|Any CPU
		{8CDF1FF4-6DDF-49C0-9864-16979E4BECB7}.Release|Any CPU.ActiveCfg = Release|Any CPU
		{8CDF1FF4-6DDF-49C0-9864-16979E4BECB7}.Release|Any CPU.Build.0 = Release|Any CPU
		{D2EBD725-3542-4F4A-A362-F9378B0ECDDF}.Debug|Any CPU.ActiveCfg = Debug|Any CPU
		{D2EBD725-3542-4F4A-A362-F9378B0ECDDF}.Debug|Any CPU.Build.0 = Debug|Any CPU
		{D2EBD725-3542-4F4A-A362-F9378B0ECDDF}.Release|Any CPU.ActiveCfg = Release|Any CPU
		{D2EBD725-3542-4F4A-A362-F9378B0ECDDF}.Release|Any CPU.Build.0 = Release|Any CPU
	EndGlobalSection
	GlobalSection(SolutionProperties) = preSolution
		HideSolutionNode = FALSE
	EndGlobalSection
EndGlobal
